// !$*UTF8*$!
{
	archiveVersion = 1;
	classes = {
	};
	objectVersion = 50;
	objects = {

/* Begin PBXBuildFile section */
		BED3BF8525E8BF7C00884DCA /* AppDelegate.swift in Sources */ = {isa = PBXBuildFile; fileRef = BED3BF8425E8BF7C00884DCA /* AppDelegate.swift */; };
		BED3BF8725E8BF7C00884DCA /* SceneDelegate.swift in Sources */ = {isa = PBXBuildFile; fileRef = BED3BF8625E8BF7C00884DCA /* SceneDelegate.swift */; };
		BED3BF8925E8BF7C00884DCA /* ViewController.swift in Sources */ = {isa = PBXBuildFile; fileRef = BED3BF8825E8BF7C00884DCA /* ViewController.swift */; };
		BED3BF8C25E8BF7C00884DCA /* Main.storyboard in Resources */ = {isa = PBXBuildFile; fileRef = BED3BF8A25E8BF7C00884DCA /* Main.storyboard */; };
		BED3BF8F25E8BF7C00884DCA /* CoreDataDemo.xcdatamodeld in Sources */ = {isa = PBXBuildFile; fileRef = BED3BF8D25E8BF7C00884DCA /* CoreDataDemo.xcdatamodeld */; };
		BED3BF9125E8BF9A00884DCA /* Assets.xcassets in Resources */ = {isa = PBXBuildFile; fileRef = BED3BF9025E8BF9A00884DCA /* Assets.xcassets */; };
		BED3BF9425E8BF9A00884DCA /* LaunchScreen.storyboard in Resources */ = {isa = PBXBuildFile; fileRef = BED3BF9225E8BF9A00884DCA /* LaunchScreen.storyboard */; };
		BED3BFB525E8F3F400884DCA /* Person+CoreDataClass.swift in Sources */ = {isa = PBXBuildFile; fileRef = BED3BFB325E8F3F400884DCA /* Person+CoreDataClass.swift */; };
		BED3BFB625E8F3F400884DCA /* Person+CoreDataProperties.swift in Sources */ = {isa = PBXBuildFile; fileRef = BED3BFB425E8F3F400884DCA /* Person+CoreDataProperties.swift */; };
		BED3BFC425E923D800884DCA /* PersonTableViewCell.swift in Sources */ = {isa = PBXBuildFile; fileRef = BED3BFC225E923D800884DCA /* PersonTableViewCell.swift */; };
		BED3BFC525E923D800884DCA /* PersonTableViewCell.xib in Resources */ = {isa = PBXBuildFile; fileRef = BED3BFC325E923D800884DCA /* PersonTableViewCell.xib */; };
/* End PBXBuildFile section */

/* Begin PBXFileReference section */
		BED3BF8125E8BF7C00884DCA /* CoreDataDemo.app */ = {isa = PBXFileReference; explicitFileType = wrapper.application; includeInIndex = 0; path = CoreDataDemo.app; sourceTree = BUILT_PRODUCTS_DIR; };
		BED3BF8425E8BF7C00884DCA /* AppDelegate.swift */ = {isa = PBXFileReference; lastKnownFileType = sourcecode.swift; path = AppDelegate.swift; sourceTree = "<group>"; };
		BED3BF8625E8BF7C00884DCA /* SceneDelegate.swift */ = {isa = PBXFileReference; lastKnownFileType = sourcecode.swift; path = SceneDelegate.swift; sourceTree = "<group>"; };
		BED3BF8825E8BF7C00884DCA /* ViewController.swift */ = {isa = PBXFileReference; lastKnownFileType = sourcecode.swift; path = ViewController.swift; sourceTree = "<group>"; };
		BED3BF8B25E8BF7C00884DCA /* Base */ = {isa = PBXFileReference; lastKnownFileType = file.storyboard; name = Base; path = Base.lproj/Main.storyboard; sourceTree = "<group>"; };
		BED3BF8E25E8BF7C00884DCA /* CoreDataDemo.xcdatamodel */ = {isa = PBXFileReference; lastKnownFileType = wrapper.xcdatamodel; path = CoreDataDemo.xcdatamodel; sourceTree = "<group>"; };
		BED3BF9025E8BF9A00884DCA /* Assets.xcassets */ = {isa = PBXFileReference; lastKnownFileType = folder.assetcatalog; path = Assets.xcassets; sourceTree = "<group>"; };
		BED3BF9325E8BF9A00884DCA /* Base */ = {isa = PBXFileReference; lastKnownFileType = file.storyboard; name = Base; path = Base.lproj/LaunchScreen.storyboard; sourceTree = "<group>"; };
		BED3BF9525E8BF9A00884DCA /* Info.plist */ = {isa = PBXFileReference; lastKnownFileType = text.plist.xml; path = Info.plist; sourceTree = "<group>"; };
		BED3BFB325E8F3F400884DCA /* Person+CoreDataClass.swift */ = {isa = PBXFileReference; lastKnownFileType = sourcecode.swift; path = "Person+CoreDataClass.swift"; sourceTree = "<group>"; };
		BED3BFB425E8F3F400884DCA /* Person+CoreDataProperties.swift */ = {isa = PBXFileReference; lastKnownFileType = sourcecode.swift; path = "Person+CoreDataProperties.swift"; sourceTree = "<group>"; };
		BED3BFC225E923D800884DCA /* PersonTableViewCell.swift */ = {isa = PBXFileReference; lastKnownFileType = sourcecode.swift; path = PersonTableViewCell.swift; sourceTree = "<group>"; };
		BED3BFC325E923D800884DCA /* PersonTableViewCell.xib */ = {isa = PBXFileReference; lastKnownFileType = file.xib; path = PersonTableViewCell.xib; sourceTree = "<group>"; };
/* End PBXFileReference section */

/* Begin PBXFrameworksBuildPhase section */
		BED3BF7E25E8BF7C00884DCA /* Frameworks */ = {
			isa = PBXFrameworksBuildPhase;
			buildActionMask = 2147483647;
			files = (
			);
			runOnlyForDeploymentPostprocessing = 0;
		};
/* End PBXFrameworksBuildPhase section */

/* Begin PBXGroup section */
		BED3BF7825E8BF7C00884DCA = {
			isa = PBXGroup;
			children = (
				BED3BF8325E8BF7C00884DCA /* CoreDataDemo */,
				BED3BF8225E8BF7C00884DCA /* Products */,
			);
			sourceTree = "<group>";
		};
		BED3BF8225E8BF7C00884DCA /* Products */ = {
			isa = PBXGroup;
			children = (
				BED3BF8125E8BF7C00884DCA /* CoreDataDemo.app */,
			);
			name = Products;
			sourceTree = "<group>";
		};
		BED3BF8325E8BF7C00884DCA /* CoreDataDemo */ = {
			isa = PBXGroup;
			children = (
				BED3BFBD25E91E3200884DCA /* View */,
				BED3BFB925E8F46500884DCA /* Storyboard */,
				BED3BFB225E8F3CE00884DCA /* Model */,
				BED3BFB825E8F43D00884DCA /* Delegate */,
				BED3BFBA25E8F4CF00884DCA /* ViewController */,
				BED3BF9025E8BF9A00884DCA /* Assets.xcassets */,
				BED3BF9525E8BF9A00884DCA /* Info.plist */,
				BED3BF8D25E8BF7C00884DCA /* CoreDataDemo.xcdatamodeld */,
			);
			path = CoreDataDemo;
			sourceTree = "<group>";
		};
		BED3BFB225E8F3CE00884DCA /* Model */ = {
			isa = PBXGroup;
			children = (
				BED3BFB325E8F3F400884DCA /* Person+CoreDataClass.swift */,
				BED3BFB425E8F3F400884DCA /* Person+CoreDataProperties.swift */,
			);
			path = Model;
			sourceTree = "<group>";
		};
		BED3BFB825E8F43D00884DCA /* Delegate */ = {
			isa = PBXGroup;
			children = (
				BED3BF8425E8BF7C00884DCA /* AppDelegate.swift */,
				BED3BF8625E8BF7C00884DCA /* SceneDelegate.swift */,
			);
			path = Delegate;
			sourceTree = "<group>";
		};
		BED3BFB925E8F46500884DCA /* Storyboard */ = {
			isa = PBXGroup;
			children = (
				BED3BF8A25E8BF7C00884DCA /* Main.storyboard */,
				BED3BF9225E8BF9A00884DCA /* LaunchScreen.storyboard */,
			);
			name = Storyboard;
			sourceTree = "<group>";
		};
		BED3BFBA25E8F4CF00884DCA /* ViewController */ = {
			isa = PBXGroup;
			children = (
				BED3BF8825E8BF7C00884DCA /* ViewController.swift */,
			);
			path = ViewController;
			sourceTree = "<group>";
		};
		BED3BFBD25E91E3200884DCA /* View */ = {
			isa = PBXGroup;
			children = (
				BED3BFC225E923D800884DCA /* PersonTableViewCell.swift */,
				BED3BFC325E923D800884DCA /* PersonTableViewCell.xib */,
			);
			path = View;
			sourceTree = "<group>";
		};
/* End PBXGroup section */

/* Begin PBXNativeTarget section */
		BED3BF8025E8BF7C00884DCA /* CoreDataDemo */ = {
			isa = PBXNativeTarget;
			buildConfigurationList = BED3BF9825E8BF9B00884DCA /* Build configuration list for PBXNativeTarget "CoreDataDemo" */;
			buildPhases = (
				BED3BF7D25E8BF7C00884DCA /* Sources */,
				BED3BF7E25E8BF7C00884DCA /* Frameworks */,
				BED3BF7F25E8BF7C00884DCA /* Resources */,
			);
			buildRules = (
			);
			dependencies = (
			);
			name = CoreDataDemo;
			productName = CoreDataDemo;
			productReference = BED3BF8125E8BF7C00884DCA /* CoreDataDemo.app */;
			productType = "com.apple.product-type.application";
		};
/* End PBXNativeTarget section */

/* Begin PBXProject section */
		BED3BF7925E8BF7C00884DCA /* Project object */ = {
			isa = PBXProject;
			attributes = {
				LastSwiftUpdateCheck = 1240;
				LastUpgradeCheck = 1240;
				TargetAttributes = {
					BED3BF8025E8BF7C00884DCA = {
						CreatedOnToolsVersion = 12.4;
					};
				};
			};
			buildConfigurationList = BED3BF7C25E8BF7C00884DCA /* Build configuration list for PBXProject "CoreDataDemo" */;
			compatibilityVersion = "Xcode 9.3";
			developmentRegion = en;
			hasScannedForEncodings = 0;
			knownRegions = (
				en,
				Base,
			);
			mainGroup = BED3BF7825E8BF7C00884DCA;
			productRefGroup = BED3BF8225E8BF7C00884DCA /* Products */;
			projectDirPath = "";
			projectRoot = "";
			targets = (
				BED3BF8025E8BF7C00884DCA /* CoreDataDemo */,
			);
		};
/* End PBXProject section */

/* Begin PBXResourcesBuildPhase section */
		BED3BF7F25E8BF7C00884DCA /* Resources */ = {
			isa = PBXResourcesBuildPhase;
			buildActionMask = 2147483647;
			files = (
				BED3BF9425E8BF9A00884DCA /* LaunchScreen.storyboard in Resources */,
				BED3BF9125E8BF9A00884DCA /* Assets.xcassets in Resources */,
				BED3BFC525E923D800884DCA /* PersonTableViewCell.xib in Resources */,
				BED3BF8C25E8BF7C00884DCA /* Main.storyboard in Resources */,
			);
			runOnlyForDeploymentPostprocessing = 0;
		};
/* End PBXResourcesBuildPhase section */

/* Begin PBXSourcesBuildPhase section */
		BED3BF7D25E8BF7C00884DCA /* Sources */ = {
			isa = PBXSourcesBuildPhase;
			buildActionMask = 2147483647;
			files = (
				BED3BF8925E8BF7C00884DCA /* ViewController.swift in Sources */,
				BED3BF8F25E8BF7C00884DCA /* CoreDataDemo.xcdatamodeld in Sources */,
				BED3BFB625E8F3F400884DCA /* Person+CoreDataProperties.swift in Sources */,
				BED3BFB525E8F3F400884DCA /* Person+CoreDataClass.swift in Sources */,
				BED3BF8525E8BF7C00884DCA /* AppDelegate.swift in Sources */,
				BED3BFC425E923D800884DCA /* PersonTableViewCell.swift in Sources */,
				BED3BF8725E8BF7C00884DCA /* SceneDelegate.swift in Sources */,
			);
			runOnlyForDeploymentPostprocessing = 0;
		};
/* End PBXSourcesBuildPhase section */

/* Begin PBXVariantGroup section */
		BED3BF8A25E8BF7C00884DCA /* Main.storyboard */ = {
			isa = PBXVariantGroup;
			children = (
				BED3BF8B25E8BF7C00884DCA /* Base */,
			);
			name = Main.storyboard;
			sourceTree = "<group>";
		};
		BED3BF9225E8BF9A00884DCA /* LaunchScreen.storyboard */ = {
			isa = PBXVariantGroup;
			children = (
				BED3BF9325E8BF9A00884DCA /* Base */,
			);
			name = LaunchScreen.storyboard;
			sourceTree = "<group>";
		};
/* End PBXVariantGroup section */

/* Begin XCBuildConfiguration section */
		BED3BF9625E8BF9A00884DCA /* Debug */ = {
			isa = XCBuildConfiguration;
			buildSettings = {
				ALWAYS_SEARCH_USER_PATHS = NO;
				CLANG_ANALYZER_NONNULL = YES;
				CLANG_ANALYZER_NUMBER_OBJECT_CONVERSION = YES_AGGRESSIVE;
				CLANG_CXX_LANGUAGE_STANDARD = "gnu++14";
				CLANG_CXX_LIBRARY = "libc++";
				CLANG_ENABLE_MODULES = YES;
				CLANG_ENABLE_OBJC_ARC = YES;
				CLANG_ENABLE_OBJC_WEAK = YES;
				CLANG_WARN_BLOCK_CAPTURE_AUTORELEASING = YES;
				CLANG_WARN_BOOL_CONVERSION = YES;
				CLANG_WARN_COMMA = YES;
				CLANG_WARN_CONSTANT_CONVERSION = YES;
				CLANG_WARN_DEPRECATED_OBJC_IMPLEMENTATIONS = YES;
				CLANG_WARN_DIRECT_OBJC_ISA_USAGE = YES_ERROR;
				CLANG_WARN_DOCUMENTATION_COMMENTS = YES;
				CLANG_WARN_EMPTY_BODY = YES;
				CLANG_WARN_ENUM_CONVERSION = YES;
				CLANG_WARN_INFINITE_RECURSION = YES;
				CLANG_WARN_INT_CONVERSION = YES;
				CLANG_WARN_NON_LITERAL_NULL_CONVERSION = YES;
				CLANG_WARN_OBJC_IMPLICIT_RETAIN_SELF = YES;
				CLANG_WARN_OBJC_LITERAL_CONVERSION = YES;
				CLANG_WARN_OBJC_ROOT_CLASS = YES_ERROR;
				CLANG_WARN_QUOTED_INCLUDE_IN_FRAMEWORK_HEADER = YES;
				CLANG_WARN_RANGE_LOOP_ANALYSIS = YES;
				CLANG_WARN_STRICT_PROTOTYPES = YES;
				CLANG_WARN_SUSPICIOUS_MOVE = YES;
				CLANG_WARN_UNGUARDED_AVAILABILITY = YES_AGGRESSIVE;
				CLANG_WARN_UNREACHABLE_CODE = YES;
				CLANG_WARN__DUPLICATE_METHOD_MATCH = YES;
				COPY_PHASE_STRIP = NO;
				DEBUG_INFORMATION_FORMAT = dwarf;
				ENABLE_STRICT_OBJC_MSGSEND = YES;
				ENABLE_TESTABILITY = YES;
				GCC_C_LANGUAGE_STANDARD = gnu11;
				GCC_DYNAMIC_NO_PIC = NO;
				GCC_NO_COMMON_BLOCKS = YES;
				GCC_OPTIMIZATION_LEVEL = 0;
				GCC_PREPROCESSOR_DEFINITIONS = (
					"DEBUG=1",
					"$(inherited)",
				);
				GCC_WARN_64_TO_32_BIT_CONVERSION = YES;
				GCC_WARN_ABOUT_RETURN_TYPE = YES_ERROR;
				GCC_WARN_UNDECLARED_SELECTOR = YES;
				GCC_WARN_UNINITIALIZED_AUTOS = YES_AGGRESSIVE;
				GCC_WARN_UNUSED_FUNCTION = YES;
				GCC_WARN_UNUSED_VARIABLE = YES;
				IPHONEOS_DEPLOYMENT_TARGET = 14.4;
				MTL_ENABLE_DEBUG_INFO = INCLUDE_SOURCE;
				MTL_FAST_MATH = YES;
				ONLY_ACTIVE_ARCH = YES;
				SDKROOT = iphoneos;
				SWIFT_ACTIVE_COMPILATION_CONDITIONS = DEBUG;
				SWIFT_OPTIMIZATION_LEVEL = "-Onone";
			};
			name = Debug;
		};
		BED3BF9725E8BF9A00884DCA /* Release */ = {
			isa = XCBuildConfiguration;
			buildSettings = {
				ALWAYS_SEARCH_USER_PATHS = NO;
				CLANG_ANALYZER_NONNULL = YES;
				CLANG_ANALYZER_NUMBER_OBJECT_CONVERSION = YES_AGGRESSIVE;
				CLANG_CXX_LANGUAGE_STANDARD = "gnu++14";
				CLANG_CXX_LIBRARY = "libc++";
				CLANG_ENABLE_MODULES = YES;
				CLANG_ENABLE_OBJC_ARC = YES;
				CLANG_ENABLE_OBJC_WEAK = YES;
				CLANG_WARN_BLOCK_CAPTURE_AUTORELEASING = YES;
				CLANG_WARN_BOOL_CONVERSION = YES;
				CLANG_WARN_COMMA = YES;
				CLANG_WARN_CONSTANT_CONVERSION = YES;
				CLANG_WARN_DEPRECATED_OBJC_IMPLEMENTATIONS = YES;
				CLANG_WARN_DIRECT_OBJC_ISA_USAGE = YES_ERROR;
				CLANG_WARN_DOCUMENTATION_COMMENTS = YES;
				CLANG_WARN_EMPTY_BODY = YES;
				CLANG_WARN_ENUM_CONVERSION = YES;
				CLANG_WARN_INFINITE_RECURSION = YES;
				CLANG_WARN_INT_CONVERSION = YES;
				CLANG_WARN_NON_LITERAL_NULL_CONVERSION = YES;
				CLANG_WARN_OBJC_IMPLICIT_RETAIN_SELF = YES;
				CLANG_WARN_OBJC_LITERAL_CONVERSION = YES;
				CLANG_WARN_OBJC_ROOT_CLASS = YES_ERROR;
				CLANG_WARN_QUOTED_INCLUDE_IN_FRAMEWORK_HEADER = YES;
				CLANG_WARN_RANGE_LOOP_ANALYSIS = YES;
				CLANG_WARN_STRICT_PROTOTYPES = YES;
				CLANG_WARN_SUSPICIOUS_MOVE = YES;
				CLANG_WARN_UNGUARDED_AVAILABILITY = YES_AGGRESSIVE;
				CLANG_WARN_UNREACHABLE_CODE = YES;
				CLANG_WARN__DUPLICATE_METHOD_MATCH = YES;
				COPY_PHASE_STRIP = NO;
				DEBUG_INFORMATION_FORMAT = "dwarf-with-dsym";
				ENABLE_NS_ASSERTIONS = NO;
				ENABLE_STRICT_OBJC_MSGSEND = YES;
				GCC_C_LANGUAGE_STANDARD = gnu11;
				GCC_NO_COMMON_BLOCKS = YES;
				GCC_WARN_64_TO_32_BIT_CONVERSION = YES;
				GCC_WARN_ABOUT_RETURN_TYPE = YES_ERROR;
				GCC_WARN_UNDECLARED_SELECTOR = YES;
				GCC_WARN_UNINITIALIZED_AUTOS = YES_AGGRESSIVE;
				GCC_WARN_UNUSED_FUNCTION = YES;
				GCC_WARN_UNUSED_VARIABLE = YES;
				IPHONEOS_DEPLOYMENT_TARGET = 14.4;
				MTL_ENABLE_DEBUG_INFO = NO;
				MTL_FAST_MATH = YES;
				SDKROOT = iphoneos;
				SWIFT_COMPILATION_MODE = wholemodule;
				SWIFT_OPTIMIZATION_LEVEL = "-O";
				VALIDATE_PRODUCT = YES;
			};
			name = Release;
		};
		BED3BF9925E8BF9B00884DCA /* Debug */ = {
			isa = XCBuildConfiguration;
			buildSettings = {
				ASSETCATALOG_COMPILER_APPICON_NAME = AppIcon;
				ASSETCATALOG_COMPILER_GLOBAL_ACCENT_COLOR_NAME = AccentColor;
				CODE_SIGN_STYLE = Automatic;
				DEVELOPMENT_TEAM = 2Q459GXYYZ;
				INFOPLIST_FILE = CoreDataDemo/Info.plist;
				LD_RUNPATH_SEARCH_PATHS = (
					"$(inherited)",
					"@executable_path/Frameworks",
				);
				PRODUCT_BUNDLE_IDENTIFIER = neha.gupta.CoreDataDemo;
				PRODUCT_NAME = "$(TARGET_NAME)";
				SWIFT_VERSION = 5.0;
				TARGETED_DEVICE_FAMILY = "1,2";
			};
			name = Debug;
		};
		BED3BF9A25E8BF9B00884DCA /* Release */ = {
			isa = XCBuildConfiguration;
			buildSettings = {
				ASSETCATALOG_COMPILER_APPICON_NAME = AppIcon;
				ASSETCATALOG_COMPILER_GLOBAL_ACCENT_COLOR_NAME = AccentColor;
				CODE_SIGN_STYLE = Automatic;
				DEVELOPMENT_TEAM = 2Q459GXYYZ;
				INFOPLIST_FILE = CoreDataDemo/Info.plist;
				LD_RUNPATH_SEARCH_PATHS = (
					"$(inherited)",
					"@executable_path/Frameworks",
				);
				PRODUCT_BUNDLE_IDENTIFIER = neha.gupta.CoreDataDemo;
				PRODUCT_NAME = "$(TARGET_NAME)";
				SWIFT_VERSION = 5.0;
				TARGETED_DEVICE_FAMILY = "1,2";
			};
			name = Release;
		};
/* End XCBuildConfiguration section */

/* Begin XCConfigurationList section */
		BED3BF7C25E8BF7C00884DCA /* Build configuration list for PBXProject "CoreDataDemo" */ = {
			isa = XCConfigurationList;
			buildConfigurations = (
				BED3BF9625E8BF9A00884DCA /* Debug */,
				BED3BF9725E8BF9A00884DCA /* Release */,
			);
			defaultConfigurationIsVisible = 0;
			defaultConfigurationName = Release;
		};
		BED3BF9825E8BF9B00884DCA /* Build configuration list for PBXNativeTarget "CoreDataDemo" */ = {
			isa = XCConfigurationList;
			buildConfigurations = (
				BED3BF9925E8BF9B00884DCA /* Debug */,
				BED3BF9A25E8BF9B00884DCA /* Release */,
			);
			defaultConfigurationIsVisible = 0;
			defaultConfigurationName = Release;
		};
/* End XCConfigurationList section */

/* Begin XCVersionGroup section */
		BED3BF8D25E8BF7C00884DCA /* CoreDataDemo.xcdatamodeld */ = {
			isa = XCVersionGroup;
			children = (
				BED3BF8E25E8BF7C00884DCA /* CoreDataDemo.xcdatamodel */,
			);
			currentVersion = BED3BF8E25E8BF7C00884DCA /* CoreDataDemo.xcdatamodel */;
			path = CoreDataDemo.xcdatamodeld;
			sourceTree = "<group>";
			versionGroupType = wrapper.xcdatamodel;
		};
/* End XCVersionGroup section */
	};
	rootObject = BED3BF7925E8BF7C00884DCA /* Project object */;
}
